
Microsoft Visual Studio Solution File, Format Version 12.00
# Visual Studio Version 17
VisualStudioVersion = 17.11.35303.130
MinimumVisualStudioVersion = 10.0.40219.1
Project("{2150E333-8FDC-42A3-9474-1A3956D46DE8}") = "Middlewares", "Middlewares", "{5ECC3002-68FD-4EDC-AC23-D62132DFC2F5}"
EndProject
Project("{9A19103F-16F7-4668-BE54-9A1E7A4F7556}") = "Middleware", "Middleware\Middleware.csproj", "{3FA8FD09-301C-41BE-8645-E8C6C2B1B0D5}"
EndProject
Project("{2150E333-8FDC-42A3-9474-1A3956D46DE8}") = "Microservices", "Microservices", "{5F423543-D55E-41D7-822A-FD206851BB81}"
EndProject
Project("{9A19103F-16F7-4668-BE54-9A1E7A4F7556}") = "ContactMicroservice", "Microservices\ContactMicroservice\ContactMicroservice.csproj", "{8282AFD0-33AE-4FEB-BC64-615D9F08BD7F}"
EndProject
Project("{9A19103F-16F7-4668-BE54-9A1E7A4F7556}") = "CompanyMicroservice", "Microservices\PropertyMicroservice\CompanyMicroservice.csproj", "{70753FB2-BE1F-4766-8F01-F391C0C58B7E}"
EndProject
Project("{9A19103F-16F7-4668-BE54-9A1E7A4F7556}") = "UserMicroservice", "Microservices\UserMicroservice\UserMicroservice.csproj", "{3A871B4D-8446-40B5-81AF-F749EA33F958}"
EndProject
Project("{2150E333-8FDC-42A3-9474-1A3956D46DE8}") = "Gateways", "Gateways", "{CAD6D110-9572-4B37-B393-3E0B3E30447E}"
EndProject
Project("{9A19103F-16F7-4668-BE54-9A1E7A4F7556}") = "OcelotGateways", "OcelotGateways\OcelotGateways.csproj", "{B78C0BEC-919D-413D-AEB1-58E3A2AB6E42}"
EndProject
Project("{2150E333-8FDC-42A3-9474-1A3956D46DE8}") = "Models", "Models", "{9EF2BA8A-DE0F-49A9-BF5D-35FCCDCD19F5}"
EndProject
Project("{9A19103F-16F7-4668-BE54-9A1E7A4F7556}") = "Entities", "Entities\Entities.csproj", "{C642B403-0CDD-469E-9EEA-301EB08F43B3}"
EndProject
Project("{2150E333-8FDC-42A3-9474-1A3956D46DE8}") = "DatabaseScripts", "DatabaseScripts", "{E48FC6AA-9D4A-45F2-B74B-C51CAD6A1F74}"
	ProjectSection(SolutionItems) = preProject
		DatabaseScripts\EConnectDbScript.sql = DatabaseScripts\EConnectDbScript.sql
	EndProjectSection
EndProject
Global
	GlobalSection(SolutionConfigurationPlatforms) = preSolution
		Debug|Any CPU = Debug|Any CPU
		Release|Any CPU = Release|Any CPU
	EndGlobalSection
	GlobalSection(ProjectConfigurationPlatforms) = postSolution
		{3FA8FD09-301C-41BE-8645-E8C6C2B1B0D5}.Debug|Any CPU.ActiveCfg = Debug|Any CPU
		{3FA8FD09-301C-41BE-8645-E8C6C2B1B0D5}.Debug|Any CPU.Build.0 = Debug|Any CPU
		{3FA8FD09-301C-41BE-8645-E8C6C2B1B0D5}.Release|Any CPU.ActiveCfg = Release|Any CPU
		{3FA8FD09-301C-41BE-8645-E8C6C2B1B0D5}.Release|Any CPU.Build.0 = Release|Any CPU
		{8282AFD0-33AE-4FEB-BC64-615D9F08BD7F}.Debug|Any CPU.ActiveCfg = Debug|Any CPU
		{8282AFD0-33AE-4FEB-BC64-615D9F08BD7F}.Debug|Any CPU.Build.0 = Debug|Any CPU
		{8282AFD0-33AE-4FEB-BC64-615D9F08BD7F}.Release|Any CPU.ActiveCfg = Release|Any CPU
		{8282AFD0-33AE-4FEB-BC64-615D9F08BD7F}.Release|Any CPU.Build.0 = Release|Any CPU
		{70753FB2-BE1F-4766-8F01-F391C0C58B7E}.Debug|Any CPU.ActiveCfg = Debug|Any CPU
		{70753FB2-BE1F-4766-8F01-F391C0C58B7E}.Debug|Any CPU.Build.0 = Debug|Any CPU
		{70753FB2-BE1F-4766-8F01-F391C0C58B7E}.Release|Any CPU.ActiveCfg = Release|Any CPU
		{70753FB2-BE1F-4766-8F01-F391C0C58B7E}.Release|Any CPU.Build.0 = Release|Any CPU
		{3A871B4D-8446-40B5-81AF-F749EA33F958}.Debug|Any CPU.ActiveCfg = Debug|Any CPU
		{3A871B4D-8446-40B5-81AF-F749EA33F958}.Debug|Any CPU.Build.0 = Debug|Any CPU
		{3A871B4D-8446-40B5-81AF-F749EA33F958}.Release|Any CPU.ActiveCfg = Release|Any CPU
		{3A871B4D-8446-40B5-81AF-F749EA33F958}.Release|Any CPU.Build.0 = Release|Any CPU
		{B78C0BEC-919D-413D-AEB1-58E3A2AB6E42}.Debug|Any CPU.ActiveCfg = Debug|Any CPU
		{B78C0BEC-919D-413D-AEB1-58E3A2AB6E42}.Debug|Any CPU.Build.0 = Debug|Any CPU
		{B78C0BEC-919D-413D-AEB1-58E3A2AB6E42}.Release|Any CPU.ActiveCfg = Release|Any CPU
		{B78C0BEC-919D-413D-AEB1-58E3A2AB6E42}.Release|Any CPU.Build.0 = Release|Any CPU
		{C642B403-0CDD-469E-9EEA-301EB08F43B3}.Debug|Any CPU.ActiveCfg = Debug|Any CPU
		{C642B403-0CDD-469E-9EEA-301EB08F43B3}.Debug|Any CPU.Build.0 = Debug|Any CPU
		{C642B403-0CDD-469E-9EEA-301EB08F43B3}.Release|Any CPU.ActiveCfg = Release|Any CPU
		{C642B403-0CDD-469E-9EEA-301EB08F43B3}.Release|Any CPU.Build.0 = Release|Any CPU
	EndGlobalSection
	GlobalSection(SolutionProperties) = preSolution
		HideSolutionNode = FALSE
	EndGlobalSection
	GlobalSection(NestedProjects) = preSolution
		{3FA8FD09-301C-41BE-8645-E8C6C2B1B0D5} = {5ECC3002-68FD-4EDC-AC23-D62132DFC2F5}
		{8282AFD0-33AE-4FEB-BC64-615D9F08BD7F} = {5F423543-D55E-41D7-822A-FD206851BB81}
		{70753FB2-BE1F-4766-8F01-F391C0C58B7E} = {5F423543-D55E-41D7-822A-FD206851BB81}
		{3A871B4D-8446-40B5-81AF-F749EA33F958} = {5F423543-D55E-41D7-822A-FD206851BB81}
		{B78C0BEC-919D-413D-AEB1-58E3A2AB6E42} = {CAD6D110-9572-4B37-B393-3E0B3E30447E}
		{C642B403-0CDD-469E-9EEA-301EB08F43B3} = {9EF2BA8A-DE0F-49A9-BF5D-35FCCDCD19F5}
	EndGlobalSection
	GlobalSection(ExtensibilityGlobals) = postSolution
		SolutionGuid = {7EB26843-B637-4142-BC4D-92B220D291A3}
	EndGlobalSection
EndGlobal
